
Microsoft Visual Studio Solution File, Format Version 12.00
# Visual Studio Version 16
VisualStudioVersion = 16.0.30011.22
MinimumVisualStudioVersion = 10.0.40219.1
Project("{9A19103F-16F7-4668-BE54-9A1E7A4F7556}") = "Magicalizer", "Magicalizer\Magicalizer.csproj", "{FA57A65D-B281-4CD3-8530-358A3D02E4CE}"
EndProject
Project("{9A19103F-16F7-4668-BE54-9A1E7A4F7556}") = "Magicalizer.Data.Entities.Abstractions", "Magicalizer.Data.Entities.Abstractions\Magicalizer.Data.Entities.Abstractions.csproj", "{1C7A9886-5D3F-46EC-8430-886EC15237F4}"
EndProject
Project("{9A19103F-16F7-4668-BE54-9A1E7A4F7556}") = "Magicalizer.Domain.Models.Abstractions", "Magicalizer.Domain.Models.Abstractions\Magicalizer.Domain.Models.Abstractions.csproj", "{11AB327A-55E0-40C3-9D01-675B1DAD53FF}"
EndProject
Project("{9A19103F-16F7-4668-BE54-9A1E7A4F7556}") = "Magicalizer.Api.Dto.Abstractions", "Magicalizer.Api.Dto.Abstractions\Magicalizer.Api.Dto.Abstractions.csproj", "{C416C459-6C01-4A0C-9548-89F2F500DE83}"
EndProject
Project("{9A19103F-16F7-4668-BE54-9A1E7A4F7556}") = "Magicalizer.Domain.Services.Abstractions", "Magicalizer.Domain.Services.Abstractions\Magicalizer.Domain.Services.Abstractions.csproj", "{B5B3EC95-781B-4937-9DA1-07B46A82F505}"
EndProject
Project("{9A19103F-16F7-4668-BE54-9A1E7A4F7556}") = "Magicalizer.Filters.Abstractions", "Magicalizer.Filters.Abstractions\Magicalizer.Filters.Abstractions.csproj", "{C764DE20-3BF9-422A-9D00-1FD68C4C21DC}"
EndProject
Project("{9A19103F-16F7-4668-BE54-9A1E7A4F7556}") = "Magicalizer.Validators.Abstractions", "Magicalizer.Validators.Abstractions\Magicalizer.Validators.Abstractions.csproj", "{5DDD3B61-4CFF-4DE5-A62C-06BFA856CDE6}"
EndProject
Global
	GlobalSection(SolutionConfigurationPlatforms) = preSolution
		Debug|Any CPU = Debug|Any CPU
		Release|Any CPU = Release|Any CPU
	EndGlobalSection
	GlobalSection(ProjectConfigurationPlatforms) = postSolution
		{FA57A65D-B281-4CD3-8530-358A3D02E4CE}.Debug|Any CPU.ActiveCfg = Debug|Any CPU
		{FA57A65D-B281-4CD3-8530-358A3D02E4CE}.Debug|Any CPU.Build.0 = Debug|Any CPU
		{FA57A65D-B281-4CD3-8530-358A3D02E4CE}.Release|Any CPU.ActiveCfg = Release|Any CPU
		{FA57A65D-B281-4CD3-8530-358A3D02E4CE}.Release|Any CPU.Build.0 = Release|Any CPU
		{1C7A9886-5D3F-46EC-8430-886EC15237F4}.Debug|Any CPU.ActiveCfg = Debug|Any CPU
		{1C7A9886-5D3F-46EC-8430-886EC15237F4}.Debug|Any CPU.Build.0 = Debug|Any CPU
		{1C7A9886-5D3F-46EC-8430-886EC15237F4}.Release|Any CPU.ActiveCfg = Release|Any CPU
		{1C7A9886-5D3F-46EC-8430-886EC15237F4}.Release|Any CPU.Build.0 = Release|Any CPU
		{11AB327A-55E0-40C3-9D01-675B1DAD53FF}.Debug|Any CPU.ActiveCfg = Debug|Any CPU
		{11AB327A-55E0-40C3-9D01-675B1DAD53FF}.Debug|Any CPU.Build.0 = Debug|Any CPU
		{11AB327A-55E0-40C3-9D01-675B1DAD53FF}.Release|Any CPU.ActiveCfg = Release|Any CPU
		{11AB327A-55E0-40C3-9D01-675B1DAD53FF}.Release|Any CPU.Build.0 = Release|Any CPU
		{C416C459-6C01-4A0C-9548-89F2F500DE83}.Debug|Any CPU.ActiveCfg = Debug|Any CPU
		{C416C459-6C01-4A0C-9548-89F2F500DE83}.Debug|Any CPU.Build.0 = Debug|Any CPU
		{C416C459-6C01-4A0C-9548-89F2F500DE83}.Release|Any CPU.ActiveCfg = Release|Any CPU
		{C416C459-6C01-4A0C-9548-89F2F500DE83}.Release|Any CPU.Build.0 = Release|Any CPU
		{B5B3EC95-781B-4937-9DA1-07B46A82F505}.Debug|Any CPU.ActiveCfg = Debug|Any CPU
		{B5B3EC95-781B-4937-9DA1-07B46A82F505}.Debug|Any CPU.Build.0 = Debug|Any CPU
		{B5B3EC95-781B-4937-9DA1-07B46A82F505}.Release|Any CPU.ActiveCfg = Release|Any CPU
		{B5B3EC95-781B-4937-9DA1-07B46A82F505}.Release|Any CPU.Build.0 = Release|Any CPU
		{C764DE20-3BF9-422A-9D00-1FD68C4C21DC}.Debug|Any CPU.ActiveCfg = Debug|Any CPU
		{C764DE20-3BF9-422A-9D00-1FD68C4C21DC}.Debug|Any CPU.Build.0 = Debug|Any CPU
		{C764DE20-3BF9-422A-9D00-1FD68C4C21DC}.Release|Any CPU.ActiveCfg = Release|Any CPU
		{C764DE20-3BF9-422A-9D00-1FD68C4C21DC}.Release|Any CPU.Build.0 = Release|Any CPU
		{5DDD3B61-4CFF-4DE5-A62C-06BFA856CDE6}.Debug|Any CPU.ActiveCfg = Debug|Any CPU
		{5DDD3B61-4CFF-4DE5-A62C-06BFA856CDE6}.Debug|Any CPU.Build.0 = Debug|Any CPU
		{5DDD3B61-4CFF-4DE5-A62C-06BFA856CDE6}.Release|Any CPU.ActiveCfg = Release|Any CPU
		{5DDD3B61-4CFF-4DE5-A62C-06BFA856CDE6}.Release|Any CPU.Build.0 = Release|Any CPU
	EndGlobalSection
	GlobalSection(SolutionProperties) = preSolution
		HideSolutionNode = FALSE
	EndGlobalSection
	GlobalSection(ExtensibilityGlobals) = postSolution
		SolutionGuid = {8177153B-F59D-45A6-82BE-88A86534DF15}
	EndGlobalSection
EndGlobal
